
Microsoft Visual Studio Solution File, Format Version 12.00
# Visual Studio 15
VisualStudioVersion = 15.0.28307.329
MinimumVisualStudioVersion = 10.0.40219.1
Project("{FAE04EC0-301F-11D3-BF4B-00C04F79EFBC}") = "SlotWebApp", "SlotWebApp\SlotWebApp.csproj", "{11FF730E-C339-49E8-AB51-B236548A8E8C}"
EndProject
Global
	GlobalSection(SolutionConfigurationPlatforms) = preSolution
		Debug|Any CPU = Debug|Any CPU
		Release|Any CPU = Release|Any CPU
	EndGlobalSection
	GlobalSection(ProjectConfigurationPlatforms) = postSolution
		{11FF730E-C339-49E8-AB51-B236548A8E8C}.Debug|Any CPU.ActiveCfg = Debug|Any CPU
		{11FF730E-C339-49E8-AB51-B236548A8E8C}.Debug|Any CPU.Build.0 = Debug|Any CPU
		{11FF730E-C339-49E8-AB51-B236548A8E8C}.Release|Any CPU.ActiveCfg = Release|Any CPU
		{11FF730E-C339-49E8-AB51-B236548A8E8C}.Release|Any CPU.Build.0 = Release|Any CPU
	EndGlobalSection
	GlobalSection(SolutionProperties) = preSolution
		HideSolutionNode = FALSE
	EndGlobalSection
	GlobalSection(ExtensibilityGlobals) = postSolution
		SolutionGuid = {6EACA3BA-0040-40A3-8C14-6499B0021D71}
	EndGlobalSection
EndGlobal
